(setq el-get-lock-package-versions
      '((init-loader :checksum "287da99eadfa3dd85492506db43d68324069b593")
        (diminish\.el :checksum "826e19186bef91d2241739cb8b48b8cfba14c17a")
        (use-package :checksum "3f6ba1bb8ad3fd81278b6787c664639a6a0df6f5")
        (with-eval-after-load-feature :checksum "0b38651a5f0dafdfe04bd0032eb5ff803e99460b")
        (el-get-lock :checksum "df8cfe55441695865a64b97946750b6413a40425")))
(setq el-get-lock-locked-packages 'nil)
(setq el-get-lock-unlocked-packages
      '(el-get))
