(setq el-get-lock-package-versions
      '((yatex :checksum "e37af485338a332839b6f04b8524f400538d1801")
        (auctex :checksum "18f178393fd4c2880cff917f2bd421a3273cd708")
        (migemo :checksum "c2240afa9afc0f003bb1d846710505e8e8e38169")
        (auto-complete-c-headers :checksum "52fef720c6f274ad8de52bef39a343421006c511")
        (vs-set-c-style :checksum "7efbd14971c70e3dec9e0637b02f7909d1cfd34f")
        (mozc-el-extensions :checksum "060797a6e570cf21c274edfcb14a26e710a5449e")
        (yasnippet :checksum "309fe157f60e537e94f95e1ce3505a3fcdbd4994")
        (auto-complete :checksum "b0090a942f93824bcbe9a938217c665ea658eacd")
        (popup :checksum "80829dd46381754639fb764da11c67235fe63282")
        (fuzzy :checksum "534d723ad2e06322ff8d9bd0ba4863d243f698e7")
        (volatile-highlights :checksum "9a20091f0ce7fc0a6b3e641a6a46d5f3ac4d8392")
        (rainbow-delimiters :checksum "93cd2dc873e7fedca7abc599cd97d46db4376ac7")
        (anzu :checksum "1965307a41aac029db2be007120e0c743226dba4")
        (org-preview-html :checksum "2b6afbaf1fcf781bcd53074ee62895f15f5282e5")
        (tabbar :checksum "b6c285a7d59dcdb1f17716f0b60787922fa4be82")
        (search-web\.el :checksum "c4ae86ac1acfc572b81f3d78764bd9a54034c331")
        (popwin :checksum "95dea14c60019d6cccf9a3b33e0dec4e1f22c304")
        (google-translate :checksum "a1e95d9f01550b5170db052887be3d45482dddc1")
        (undo-tree :checksum "a3e81b682053a81e082139300ef0a913a7a610a2")
        (tarao-elisp :checksum "b9f6a7c1002248ce0f6a56bc720dafb5b77437be")
        (yascroll :checksum "f7743df1cf6d8e55607141d1ea5f50b562582c51")
        (fic-mode :checksum "8182f5be875fdefc5bd7142ab45adea89ac20705")
        (init-loader :checksum "287da99eadfa3dd85492506db43d68324069b593")
        (diminish\.el :checksum "826e19186bef91d2241739cb8b48b8cfba14c17a")
        (use-package :checksum "3f6ba1bb8ad3fd81278b6787c664639a6a0df6f5")
        (with-eval-after-load-feature :checksum "0b38651a5f0dafdfe04bd0032eb5ff803e99460b")
        (el-get-lock :checksum "df8cfe55441695865a64b97946750b6413a40425")))
(setq el-get-lock-locked-packages 'nil)
(setq el-get-lock-unlocked-packages
      '(zenburn-theme el-get))
